
Microsoft Visual Studio Solution File, Format Version 12.00
# Visual Studio Version 17
VisualStudioVersion = 17.12.35506.116
MinimumVisualStudioVersion = 10.0.40219.1
Project("{2150E333-8FDC-42A3-9474-1A3956D46DE8}") = "src", "src", "{289610F1-960C-42AB-ADD6-A7BAF59D0922}"
EndProject
Project("{FAE04EC0-301F-11D3-BF4B-00C04F79EFBC}") = "Plurish.Auth.Domain", "src\Plurish.Auth.Domain\Plurish.Auth.Domain.csproj", "{90CF825C-6317-4472-AFCC-EC29B7DF4E1C}"
EndProject
Project("{FAE04EC0-301F-11D3-BF4B-00C04F79EFBC}") = "Plurish.Auth.Application", "src\Plurish.Auth.Application\Plurish.Auth.Application.csproj", "{77B8F41E-1573-4FAA-89A7-D52338786711}"
EndProject
Project("{FAE04EC0-301F-11D3-BF4B-00C04F79EFBC}") = "Plurish.Auth.Infrastructure", "src\Plurish.Auth.Infrastructure\Plurish.Auth.Infrastructure.csproj", "{B33FCB95-992F-4CE1-BC51-6E4DD10F2588}"
EndProject
Project("{FAE04EC0-301F-11D3-BF4B-00C04F79EFBC}") = "Plurish.Auth.Api", "src\Plurish.Auth.Api\Plurish.Auth.Api.csproj", "{253A3274-3601-44D7-9CED-E632C2CAF732}"
EndProject
Global
	GlobalSection(SolutionConfigurationPlatforms) = preSolution
		Debug|Any CPU = Debug|Any CPU
		Release|Any CPU = Release|Any CPU
	EndGlobalSection
	GlobalSection(ProjectConfigurationPlatforms) = postSolution
		{90CF825C-6317-4472-AFCC-EC29B7DF4E1C}.Debug|Any CPU.ActiveCfg = Debug|Any CPU
		{90CF825C-6317-4472-AFCC-EC29B7DF4E1C}.Debug|Any CPU.Build.0 = Debug|Any CPU
		{90CF825C-6317-4472-AFCC-EC29B7DF4E1C}.Release|Any CPU.ActiveCfg = Release|Any CPU
		{90CF825C-6317-4472-AFCC-EC29B7DF4E1C}.Release|Any CPU.Build.0 = Release|Any CPU
		{77B8F41E-1573-4FAA-89A7-D52338786711}.Debug|Any CPU.ActiveCfg = Debug|Any CPU
		{77B8F41E-1573-4FAA-89A7-D52338786711}.Debug|Any CPU.Build.0 = Debug|Any CPU
		{77B8F41E-1573-4FAA-89A7-D52338786711}.Release|Any CPU.ActiveCfg = Release|Any CPU
		{77B8F41E-1573-4FAA-89A7-D52338786711}.Release|Any CPU.Build.0 = Release|Any CPU
		{B33FCB95-992F-4CE1-BC51-6E4DD10F2588}.Debug|Any CPU.ActiveCfg = Debug|Any CPU
		{B33FCB95-992F-4CE1-BC51-6E4DD10F2588}.Debug|Any CPU.Build.0 = Debug|Any CPU
		{B33FCB95-992F-4CE1-BC51-6E4DD10F2588}.Release|Any CPU.ActiveCfg = Release|Any CPU
		{B33FCB95-992F-4CE1-BC51-6E4DD10F2588}.Release|Any CPU.Build.0 = Release|Any CPU
		{253A3274-3601-44D7-9CED-E632C2CAF732}.Debug|Any CPU.ActiveCfg = Debug|Any CPU
		{253A3274-3601-44D7-9CED-E632C2CAF732}.Debug|Any CPU.Build.0 = Debug|Any CPU
		{253A3274-3601-44D7-9CED-E632C2CAF732}.Release|Any CPU.ActiveCfg = Release|Any CPU
		{253A3274-3601-44D7-9CED-E632C2CAF732}.Release|Any CPU.Build.0 = Release|Any CPU
	EndGlobalSection
	GlobalSection(SolutionProperties) = preSolution
		HideSolutionNode = FALSE
	EndGlobalSection
	GlobalSection(NestedProjects) = preSolution
		{90CF825C-6317-4472-AFCC-EC29B7DF4E1C} = {289610F1-960C-42AB-ADD6-A7BAF59D0922}
		{77B8F41E-1573-4FAA-89A7-D52338786711} = {289610F1-960C-42AB-ADD6-A7BAF59D0922}
		{B33FCB95-992F-4CE1-BC51-6E4DD10F2588} = {289610F1-960C-42AB-ADD6-A7BAF59D0922}
		{253A3274-3601-44D7-9CED-E632C2CAF732} = {289610F1-960C-42AB-ADD6-A7BAF59D0922}
	EndGlobalSection
EndGlobal
